
Microsoft Visual Studio Solution File, Format Version 12.00
# Visual Studio Version 16
VisualStudioVersion = 16.0.30503.244
MinimumVisualStudioVersion = 10.0.40219.1
Project("{FAE04EC0-301F-11D3-BF4B-00C04F79EFBC}") = "AdventOfCode2020", "AdventOfCode2020\AdventOfCode2020.csproj", "{703A012B-64BE-4B66-9D3D-83B7A6B10626}"
EndProject
Global
	GlobalSection(SolutionConfigurationPlatforms) = preSolution
		Debug|Any CPU = Debug|Any CPU
		Release|Any CPU = Release|Any CPU
	EndGlobalSection
	GlobalSection(ProjectConfigurationPlatforms) = postSolution
		{703A012B-64BE-4B66-9D3D-83B7A6B10626}.Debug|Any CPU.ActiveCfg = Debug|Any CPU
		{703A012B-64BE-4B66-9D3D-83B7A6B10626}.Debug|Any CPU.Build.0 = Debug|Any CPU
		{703A012B-64BE-4B66-9D3D-83B7A6B10626}.Release|Any CPU.ActiveCfg = Release|Any CPU
		{703A012B-64BE-4B66-9D3D-83B7A6B10626}.Release|Any CPU.Build.0 = Release|Any CPU
	EndGlobalSection
	GlobalSection(SolutionProperties) = preSolution
		HideSolutionNode = FALSE
	EndGlobalSection
	GlobalSection(ExtensibilityGlobals) = postSolution
		SolutionGuid = {1C12A125-C6BF-4698-9AB5-272E3C092B2F}
	EndGlobalSection
EndGlobal
